
Microsoft Visual Studio Solution File, Format Version 12.00
# Visual Studio Version 17
VisualStudioVersion = 17.1.31903.286
MinimumVisualStudioVersion = 10.0.40219.1
Project("{2150E333-8FDC-42A3-9474-1A3956D46DE8}") = "src", "src", "{8FC4DF15-EEE6-4817-ABA4-8B3D2D5C5D08}"
EndProject
Project("{9A19103F-16F7-4668-BE54-9A1E7A4F7556}") = "Repo2Image", "src\Repo2Image\Repo2Image.csproj", "{554DE04E-EFB2-4A3E-9F1B-FAE1EE5A01BD}"
EndProject
Project("{2150E333-8FDC-42A3-9474-1A3956D46DE8}") = "global", "global", "{7866289A-6DDD-4F75-B8D0-88F7AB3958F1}"
	ProjectSection(SolutionItems) = preProject
		.gitignore = .gitignore
	EndProjectSection
EndProject
Global
	GlobalSection(SolutionConfigurationPlatforms) = preSolution
		Debug|Any CPU = Debug|Any CPU
		Release|Any CPU = Release|Any CPU
	EndGlobalSection
	GlobalSection(ProjectConfigurationPlatforms) = postSolution
		{554DE04E-EFB2-4A3E-9F1B-FAE1EE5A01BD}.Debug|Any CPU.ActiveCfg = Debug|Any CPU
		{554DE04E-EFB2-4A3E-9F1B-FAE1EE5A01BD}.Debug|Any CPU.Build.0 = Debug|Any CPU
		{554DE04E-EFB2-4A3E-9F1B-FAE1EE5A01BD}.Release|Any CPU.ActiveCfg = Release|Any CPU
		{554DE04E-EFB2-4A3E-9F1B-FAE1EE5A01BD}.Release|Any CPU.Build.0 = Release|Any CPU
	EndGlobalSection
	GlobalSection(SolutionProperties) = preSolution
		HideSolutionNode = FALSE
	EndGlobalSection
	GlobalSection(NestedProjects) = preSolution
		{554DE04E-EFB2-4A3E-9F1B-FAE1EE5A01BD} = {8FC4DF15-EEE6-4817-ABA4-8B3D2D5C5D08}
	EndGlobalSection
	GlobalSection(ExtensibilityGlobals) = postSolution
		SolutionGuid = {4567C1F3-4AC2-4941-BA5D-562B35F56ECB}
	EndGlobalSection
EndGlobal
